// !$*UTF8*$!
{
	archiveVersion = 1;
	classes = {
	};
	objectVersion = 56;
	objects = {

/* Begin PBXBuildFile section */
		A69CAB5F2C2B00B80077883E /* TodoBeeApp.swift in Sources */ = {isa = PBXBuildFile; fileRef = A69CAB5E2C2B00B80077883E /* TodoBeeApp.swift */; };
		A69CAB612C2B00B80077883E /* ContentView.swift in Sources */ = {isa = PBXBuildFile; fileRef = A69CAB602C2B00B80077883E /* ContentView.swift */; };
		A69CAB632C2B00B90077883E /* Assets.xcassets in Resources */ = {isa = PBXBuildFile; fileRef = A69CAB622C2B00B90077883E /* Assets.xcassets */; };
		A69CAB662C2B00B90077883E /* Preview Assets.xcassets in Resources */ = {isa = PBXBuildFile; fileRef = A69CAB652C2B00B90077883E /* Preview Assets.xcassets */; };
		A69CAB702C2B00BA0077883E /* TodoBeeTests.swift in Sources */ = {isa = PBXBuildFile; fileRef = A69CAB6F2C2B00BA0077883E /* TodoBeeTests.swift */; };
		A69CAB7A2C2B00BA0077883E /* TodoBeeUITests.swift in Sources */ = {isa = PBXBuildFile; fileRef = A69CAB792C2B00BA0077883E /* TodoBeeUITests.swift */; };
		A69CAB7C2C2B00BA0077883E /* TodoBeeUITestsLaunchTests.swift in Sources */ = {isa = PBXBuildFile; fileRef = A69CAB7B2C2B00BA0077883E /* TodoBeeUITestsLaunchTests.swift */; };
		A69CAB8A2C2B02180077883E /* ListView.swift in Sources */ = {isa = PBXBuildFile; fileRef = A69CAB892C2B02180077883E /* ListView.swift */; };
		A69CAB8C2C2B028B0077883E /* ListRowView.swift in Sources */ = {isa = PBXBuildFile; fileRef = A69CAB8B2C2B028B0077883E /* ListRowView.swift */; };
		A69CAB8E2C2B05360077883E /* AddView.swift in Sources */ = {isa = PBXBuildFile; fileRef = A69CAB8D2C2B05360077883E /* AddView.swift */; };
/* End PBXBuildFile section */

/* Begin PBXContainerItemProxy section */
		A69CAB6C2C2B00BA0077883E /* PBXContainerItemProxy */ = {
			isa = PBXContainerItemProxy;
			containerPortal = A69CAB532C2B00B80077883E /* Project object */;
			proxyType = 1;
			remoteGlobalIDString = A69CAB5A2C2B00B80077883E;
			remoteInfo = TodoBee;
		};
		A69CAB762C2B00BA0077883E /* PBXContainerItemProxy */ = {
			isa = PBXContainerItemProxy;
			containerPortal = A69CAB532C2B00B80077883E /* Project object */;
			proxyType = 1;
			remoteGlobalIDString = A69CAB5A2C2B00B80077883E;
			remoteInfo = TodoBee;
		};
/* End PBXContainerItemProxy section */

/* Begin PBXFileReference section */
		A69CAB5B2C2B00B80077883E /* TodoBee.app */ = {isa = PBXFileReference; explicitFileType = wrapper.application; includeInIndex = 0; path = TodoBee.app; sourceTree = BUILT_PRODUCTS_DIR; };
		A69CAB5E2C2B00B80077883E /* TodoBeeApp.swift */ = {isa = PBXFileReference; lastKnownFileType = sourcecode.swift; path = TodoBeeApp.swift; sourceTree = "<group>"; };
		A69CAB602C2B00B80077883E /* ContentView.swift */ = {isa = PBXFileReference; lastKnownFileType = sourcecode.swift; path = ContentView.swift; sourceTree = "<group>"; };
		A69CAB622C2B00B90077883E /* Assets.xcassets */ = {isa = PBXFileReference; lastKnownFileType = folder.assetcatalog; path = Assets.xcassets; sourceTree = "<group>"; };
		A69CAB652C2B00B90077883E /* Preview Assets.xcassets */ = {isa = PBXFileReference; lastKnownFileType = folder.assetcatalog; path = "Preview Assets.xcassets"; sourceTree = "<group>"; };
		A69CAB6B2C2B00BA0077883E /* TodoBeeTests.xctest */ = {isa = PBXFileReference; explicitFileType = wrapper.cfbundle; includeInIndex = 0; path = TodoBeeTests.xctest; sourceTree = BUILT_PRODUCTS_DIR; };
		A69CAB6F2C2B00BA0077883E /* TodoBeeTests.swift */ = {isa = PBXFileReference; lastKnownFileType = sourcecode.swift; path = TodoBeeTests.swift; sourceTree = "<group>"; };
		A69CAB752C2B00BA0077883E /* TodoBeeUITests.xctest */ = {isa = PBXFileReference; explicitFileType = wrapper.cfbundle; includeInIndex = 0; path = TodoBeeUITests.xctest; sourceTree = BUILT_PRODUCTS_DIR; };
		A69CAB792C2B00BA0077883E /* TodoBeeUITests.swift */ = {isa = PBXFileReference; lastKnownFileType = sourcecode.swift; path = TodoBeeUITests.swift; sourceTree = "<group>"; };
		A69CAB7B2C2B00BA0077883E /* TodoBeeUITestsLaunchTests.swift */ = {isa = PBXFileReference; lastKnownFileType = sourcecode.swift; path = TodoBeeUITestsLaunchTests.swift; sourceTree = "<group>"; };
		A69CAB892C2B02180077883E /* ListView.swift */ = {isa = PBXFileReference; lastKnownFileType = sourcecode.swift; path = ListView.swift; sourceTree = "<group>"; };
		A69CAB8B2C2B028B0077883E /* ListRowView.swift */ = {isa = PBXFileReference; lastKnownFileType = sourcecode.swift; path = ListRowView.swift; sourceTree = "<group>"; };
		A69CAB8D2C2B05360077883E /* AddView.swift */ = {isa = PBXFileReference; lastKnownFileType = sourcecode.swift; path = AddView.swift; sourceTree = "<group>"; };
/* End PBXFileReference section */

/* Begin PBXFrameworksBuildPhase section */
		A69CAB582C2B00B80077883E /* Frameworks */ = {
			isa = PBXFrameworksBuildPhase;
			buildActionMask = 2147483647;
			files = (
			);
			runOnlyForDeploymentPostprocessing = 0;
		};
		A69CAB682C2B00BA0077883E /* Frameworks */ = {
			isa = PBXFrameworksBuildPhase;
			buildActionMask = 2147483647;
			files = (
			);
			runOnlyForDeploymentPostprocessing = 0;
		};
		A69CAB722C2B00BA0077883E /* Frameworks */ = {
			isa = PBXFrameworksBuildPhase;
			buildActionMask = 2147483647;
			files = (
			);
			runOnlyForDeploymentPostprocessing = 0;
		};
/* End PBXFrameworksBuildPhase section */

/* Begin PBXGroup section */
		A69CAB522C2B00B80077883E = {
			isa = PBXGroup;
			children = (
				A69CAB5D2C2B00B80077883E /* TodoBee */,
				A69CAB6E2C2B00BA0077883E /* TodoBeeTests */,
				A69CAB782C2B00BA0077883E /* TodoBeeUITests */,
				A69CAB5C2C2B00B80077883E /* Products */,
			);
			sourceTree = "<group>";
		};
		A69CAB5C2C2B00B80077883E /* Products */ = {
			isa = PBXGroup;
			children = (
				A69CAB5B2C2B00B80077883E /* TodoBee.app */,
				A69CAB6B2C2B00BA0077883E /* TodoBeeTests.xctest */,
				A69CAB752C2B00BA0077883E /* TodoBeeUITests.xctest */,
			);
			name = Products;
			sourceTree = "<group>";
		};
		A69CAB5D2C2B00B80077883E /* TodoBee */ = {
			isa = PBXGroup;
			children = (
				A69CAB882C2B01FC0077883E /* Views */,
				A69CAB5E2C2B00B80077883E /* TodoBeeApp.swift */,
				A69CAB602C2B00B80077883E /* ContentView.swift */,
				A69CAB622C2B00B90077883E /* Assets.xcassets */,
				A69CAB642C2B00B90077883E /* Preview Content */,
			);
			path = TodoBee;
			sourceTree = "<group>";
		};
		A69CAB642C2B00B90077883E /* Preview Content */ = {
			isa = PBXGroup;
			children = (
				A69CAB652C2B00B90077883E /* Preview Assets.xcassets */,
			);
			path = "Preview Content";
			sourceTree = "<group>";
		};
		A69CAB6E2C2B00BA0077883E /* TodoBeeTests */ = {
			isa = PBXGroup;
			children = (
				A69CAB6F2C2B00BA0077883E /* TodoBeeTests.swift */,
			);
			path = TodoBeeTests;
			sourceTree = "<group>";
		};
		A69CAB782C2B00BA0077883E /* TodoBeeUITests */ = {
			isa = PBXGroup;
			children = (
				A69CAB792C2B00BA0077883E /* TodoBeeUITests.swift */,
				A69CAB7B2C2B00BA0077883E /* TodoBeeUITestsLaunchTests.swift */,
			);
			path = TodoBeeUITests;
			sourceTree = "<group>";
		};
		A69CAB882C2B01FC0077883E /* Views */ = {
			isa = PBXGroup;
			children = (
				A69CAB892C2B02180077883E /* ListView.swift */,
				A69CAB8B2C2B028B0077883E /* ListRowView.swift */,
				A69CAB8D2C2B05360077883E /* AddView.swift */,
			);
			path = Views;
			sourceTree = "<group>";
		};
/* End PBXGroup section */

/* Begin PBXNativeTarget section */
		A69CAB5A2C2B00B80077883E /* TodoBee */ = {
			isa = PBXNativeTarget;
			buildConfigurationList = A69CAB7F2C2B00BA0077883E /* Build configuration list for PBXNativeTarget "TodoBee" */;
			buildPhases = (
				A69CAB572C2B00B80077883E /* Sources */,
				A69CAB582C2B00B80077883E /* Frameworks */,
				A69CAB592C2B00B80077883E /* Resources */,
			);
			buildRules = (
			);
			dependencies = (
			);
			name = TodoBee;
			productName = TodoBee;
			productReference = A69CAB5B2C2B00B80077883E /* TodoBee.app */;
			productType = "com.apple.product-type.application";
		};
		A69CAB6A2C2B00BA0077883E /* TodoBeeTests */ = {
			isa = PBXNativeTarget;
			buildConfigurationList = A69CAB822C2B00BA0077883E /* Build configuration list for PBXNativeTarget "TodoBeeTests" */;
			buildPhases = (
				A69CAB672C2B00BA0077883E /* Sources */,
				A69CAB682C2B00BA0077883E /* Frameworks */,
				A69CAB692C2B00BA0077883E /* Resources */,
			);
			buildRules = (
			);
			dependencies = (
				A69CAB6D2C2B00BA0077883E /* PBXTargetDependency */,
			);
			name = TodoBeeTests;
			productName = TodoBeeTests;
			productReference = A69CAB6B2C2B00BA0077883E /* TodoBeeTests.xctest */;
			productType = "com.apple.product-type.bundle.unit-test";
		};
		A69CAB742C2B00BA0077883E /* TodoBeeUITests */ = {
			isa = PBXNativeTarget;
			buildConfigurationList = A69CAB852C2B00BA0077883E /* Build configuration list for PBXNativeTarget "TodoBeeUITests" */;
			buildPhases = (
				A69CAB712C2B00BA0077883E /* Sources */,
				A69CAB722C2B00BA0077883E /* Frameworks */,
				A69CAB732C2B00BA0077883E /* Resources */,
			);
			buildRules = (
			);
			dependencies = (
				A69CAB772C2B00BA0077883E /* PBXTargetDependency */,
			);
			name = TodoBeeUITests;
			productName = TodoBeeUITests;
			productReference = A69CAB752C2B00BA0077883E /* TodoBeeUITests.xctest */;
			productType = "com.apple.product-type.bundle.ui-testing";
		};
/* End PBXNativeTarget section */

/* Begin PBXProject section */
		A69CAB532C2B00B80077883E /* Project object */ = {
			isa = PBXProject;
			attributes = {
				BuildIndependentTargetsInParallel = 1;
				LastSwiftUpdateCheck = 1420;
				LastUpgradeCheck = 1420;
				TargetAttributes = {
					A69CAB5A2C2B00B80077883E = {
						CreatedOnToolsVersion = 14.2;
					};
					A69CAB6A2C2B00BA0077883E = {
						CreatedOnToolsVersion = 14.2;
						TestTargetID = A69CAB5A2C2B00B80077883E;
					};
					A69CAB742C2B00BA0077883E = {
						CreatedOnToolsVersion = 14.2;
						TestTargetID = A69CAB5A2C2B00B80077883E;
					};
				};
			};
			buildConfigurationList = A69CAB562C2B00B80077883E /* Build configuration list for PBXProject "TodoBee" */;
			compatibilityVersion = "Xcode 14.0";
			developmentRegion = en;
			hasScannedForEncodings = 0;
			knownRegions = (
				en,
				Base,
			);
			mainGroup = A69CAB522C2B00B80077883E;
			productRefGroup = A69CAB5C2C2B00B80077883E /* Products */;
			projectDirPath = "";
			projectRoot = "";
			targets = (
				A69CAB5A2C2B00B80077883E /* TodoBee */,
				A69CAB6A2C2B00BA0077883E /* TodoBeeTests */,
				A69CAB742C2B00BA0077883E /* TodoBeeUITests */,
			);
		};
/* End PBXProject section */

/* Begin PBXResourcesBuildPhase section */
		A69CAB592C2B00B80077883E /* Resources */ = {
			isa = PBXResourcesBuildPhase;
			buildActionMask = 2147483647;
			files = (
				A69CAB662C2B00B90077883E /* Preview Assets.xcassets in Resources */,
				A69CAB632C2B00B90077883E /* Assets.xcassets in Resources */,
			);
			runOnlyForDeploymentPostprocessing = 0;
		};
		A69CAB692C2B00BA0077883E /* Resources */ = {
			isa = PBXResourcesBuildPhase;
			buildActionMask = 2147483647;
			files = (
			);
			runOnlyForDeploymentPostprocessing = 0;
		};
		A69CAB732C2B00BA0077883E /* Resources */ = {
			isa = PBXResourcesBuildPhase;
			buildActionMask = 2147483647;
			files = (
			);
			runOnlyForDeploymentPostprocessing = 0;
		};
/* End PBXResourcesBuildPhase section */

/* Begin PBXSourcesBuildPhase section */
		A69CAB572C2B00B80077883E /* Sources */ = {
			isa = PBXSourcesBuildPhase;
			buildActionMask = 2147483647;
			files = (
				A69CAB612C2B00B80077883E /* ContentView.swift in Sources */,
				A69CAB5F2C2B00B80077883E /* TodoBeeApp.swift in Sources */,
				A69CAB8E2C2B05360077883E /* AddView.swift in Sources */,
				A69CAB8A2C2B02180077883E /* ListView.swift in Sources */,
				A69CAB8C2C2B028B0077883E /* ListRowView.swift in Sources */,
			);
			runOnlyForDeploymentPostprocessing = 0;
		};
		A69CAB672C2B00BA0077883E /* Sources */ = {
			isa = PBXSourcesBuildPhase;
			buildActionMask = 2147483647;
			files = (
				A69CAB702C2B00BA0077883E /* TodoBeeTests.swift in Sources */,
			);
			runOnlyForDeploymentPostprocessing = 0;
		};
		A69CAB712C2B00BA0077883E /* Sources */ = {
			isa = PBXSourcesBuildPhase;
			buildActionMask = 2147483647;
			files = (
				A69CAB7A2C2B00BA0077883E /* TodoBeeUITests.swift in Sources */,
				A69CAB7C2C2B00BA0077883E /* TodoBeeUITestsLaunchTests.swift in Sources */,
			);
			runOnlyForDeploymentPostprocessing = 0;
		};
/* End PBXSourcesBuildPhase section */

/* Begin PBXTargetDependency section */
		A69CAB6D2C2B00BA0077883E /* PBXTargetDependency */ = {
			isa = PBXTargetDependency;
			target = A69CAB5A2C2B00B80077883E /* TodoBee */;
			targetProxy = A69CAB6C2C2B00BA0077883E /* PBXContainerItemProxy */;
		};
		A69CAB772C2B00BA0077883E /* PBXTargetDependency */ = {
			isa = PBXTargetDependency;
			target = A69CAB5A2C2B00B80077883E /* TodoBee */;
			targetProxy = A69CAB762C2B00BA0077883E /* PBXContainerItemProxy */;
		};
/* End PBXTargetDependency section */

/* Begin XCBuildConfiguration section */
		A69CAB7D2C2B00BA0077883E /* Debug */ = {
			isa = XCBuildConfiguration;
			buildSettings = {
				ALWAYS_SEARCH_USER_PATHS = NO;
				CLANG_ANALYZER_NONNULL = YES;
				CLANG_ANALYZER_NUMBER_OBJECT_CONVERSION = YES_AGGRESSIVE;
				CLANG_CXX_LANGUAGE_STANDARD = "gnu++20";
				CLANG_ENABLE_MODULES = YES;
				CLANG_ENABLE_OBJC_ARC = YES;
				CLANG_ENABLE_OBJC_WEAK = YES;
				CLANG_WARN_BLOCK_CAPTURE_AUTORELEASING = YES;
				CLANG_WARN_BOOL_CONVERSION = YES;
				CLANG_WARN_COMMA = YES;
				CLANG_WARN_CONSTANT_CONVERSION = YES;
				CLANG_WARN_DEPRECATED_OBJC_IMPLEMENTATIONS = YES;
				CLANG_WARN_DIRECT_OBJC_ISA_USAGE = YES_ERROR;
				CLANG_WARN_DOCUMENTATION_COMMENTS = YES;
				CLANG_WARN_EMPTY_BODY = YES;
				CLANG_WARN_ENUM_CONVERSION = YES;
				CLANG_WARN_INFINITE_RECURSION = YES;
				CLANG_WARN_INT_CONVERSION = YES;
				CLANG_WARN_NON_LITERAL_NULL_CONVERSION = YES;
				CLANG_WARN_OBJC_IMPLICIT_RETAIN_SELF = YES;
				CLANG_WARN_OBJC_LITERAL_CONVERSION = YES;
				CLANG_WARN_OBJC_ROOT_CLASS = YES_ERROR;
				CLANG_WARN_QUOTED_INCLUDE_IN_FRAMEWORK_HEADER = YES;
				CLANG_WARN_RANGE_LOOP_ANALYSIS = YES;
				CLANG_WARN_STRICT_PROTOTYPES = YES;
				CLANG_WARN_SUSPICIOUS_MOVE = YES;
				CLANG_WARN_UNGUARDED_AVAILABILITY = YES_AGGRESSIVE;
				CLANG_WARN_UNREACHABLE_CODE = YES;
				CLANG_WARN__DUPLICATE_METHOD_MATCH = YES;
				COPY_PHASE_STRIP = NO;
				DEBUG_INFORMATION_FORMAT = dwarf;
				ENABLE_STRICT_OBJC_MSGSEND = YES;
				ENABLE_TESTABILITY = YES;
				GCC_C_LANGUAGE_STANDARD = gnu11;
				GCC_DYNAMIC_NO_PIC = NO;
				GCC_NO_COMMON_BLOCKS = YES;
				GCC_OPTIMIZATION_LEVEL = 0;
				GCC_PREPROCESSOR_DEFINITIONS = (
					"DEBUG=1",
					"$(inherited)",
				);
				GCC_WARN_64_TO_32_BIT_CONVERSION = YES;
				GCC_WARN_ABOUT_RETURN_TYPE = YES_ERROR;
				GCC_WARN_UNDECLARED_SELECTOR = YES;
				GCC_WARN_UNINITIALIZED_AUTOS = YES_AGGRESSIVE;
				GCC_WARN_UNUSED_FUNCTION = YES;
				GCC_WARN_UNUSED_VARIABLE = YES;
				IPHONEOS_DEPLOYMENT_TARGET = 16.2;
				MTL_ENABLE_DEBUG_INFO = INCLUDE_SOURCE;
				MTL_FAST_MATH = YES;
				ONLY_ACTIVE_ARCH = YES;
				SDKROOT = iphoneos;
				SWIFT_ACTIVE_COMPILATION_CONDITIONS = DEBUG;
				SWIFT_OPTIMIZATION_LEVEL = "-Onone";
			};
			name = Debug;
		};
		A69CAB7E2C2B00BA0077883E /* Release */ = {
			isa = XCBuildConfiguration;
			buildSettings = {
				ALWAYS_SEARCH_USER_PATHS = NO;
				CLANG_ANALYZER_NONNULL = YES;
				CLANG_ANALYZER_NUMBER_OBJECT_CONVERSION = YES_AGGRESSIVE;
				CLANG_CXX_LANGUAGE_STANDARD = "gnu++20";
				CLANG_ENABLE_MODULES = YES;
				CLANG_ENABLE_OBJC_ARC = YES;
				CLANG_ENABLE_OBJC_WEAK = YES;
				CLANG_WARN_BLOCK_CAPTURE_AUTORELEASING = YES;
				CLANG_WARN_BOOL_CONVERSION = YES;
				CLANG_WARN_COMMA = YES;
				CLANG_WARN_CONSTANT_CONVERSION = YES;
				CLANG_WARN_DEPRECATED_OBJC_IMPLEMENTATIONS = YES;
				CLANG_WARN_DIRECT_OBJC_ISA_USAGE = YES_ERROR;
				CLANG_WARN_DOCUMENTATION_COMMENTS = YES;
				CLANG_WARN_EMPTY_BODY = YES;
				CLANG_WARN_ENUM_CONVERSION = YES;
				CLANG_WARN_INFINITE_RECURSION = YES;
				CLANG_WARN_INT_CONVERSION = YES;
				CLANG_WARN_NON_LITERAL_NULL_CONVERSION = YES;
				CLANG_WARN_OBJC_IMPLICIT_RETAIN_SELF = YES;
				CLANG_WARN_OBJC_LITERAL_CONVERSION = YES;
				CLANG_WARN_OBJC_ROOT_CLASS = YES_ERROR;
				CLANG_WARN_QUOTED_INCLUDE_IN_FRAMEWORK_HEADER = YES;
				CLANG_WARN_RANGE_LOOP_ANALYSIS = YES;
				CLANG_WARN_STRICT_PROTOTYPES = YES;
				CLANG_WARN_SUSPICIOUS_MOVE = YES;
				CLANG_WARN_UNGUARDED_AVAILABILITY = YES_AGGRESSIVE;
				CLANG_WARN_UNREACHABLE_CODE = YES;
				CLANG_WARN__DUPLICATE_METHOD_MATCH = YES;
				COPY_PHASE_STRIP = NO;
				DEBUG_INFORMATION_FORMAT = "dwarf-with-dsym";
				ENABLE_NS_ASSERTIONS = NO;
				ENABLE_STRICT_OBJC_MSGSEND = YES;
				GCC_C_LANGUAGE_STANDARD = gnu11;
				GCC_NO_COMMON_BLOCKS = YES;
				GCC_WARN_64_TO_32_BIT_CONVERSION = YES;
				GCC_WARN_ABOUT_RETURN_TYPE = YES_ERROR;
				GCC_WARN_UNDECLARED_SELECTOR = YES;
				GCC_WARN_UNINITIALIZED_AUTOS = YES_AGGRESSIVE;
				GCC_WARN_UNUSED_FUNCTION = YES;
				GCC_WARN_UNUSED_VARIABLE = YES;
				IPHONEOS_DEPLOYMENT_TARGET = 16.2;
				MTL_ENABLE_DEBUG_INFO = NO;
				MTL_FAST_MATH = YES;
				SDKROOT = iphoneos;
				SWIFT_COMPILATION_MODE = wholemodule;
				SWIFT_OPTIMIZATION_LEVEL = "-O";
				VALIDATE_PRODUCT = YES;
			};
			name = Release;
		};
		A69CAB802C2B00BA0077883E /* Debug */ = {
			isa = XCBuildConfiguration;
			buildSettings = {
				ASSETCATALOG_COMPILER_APPICON_NAME = AppIcon;
				ASSETCATALOG_COMPILER_GLOBAL_ACCENT_COLOR_NAME = AccentColor;
				CODE_SIGN_STYLE = Automatic;
				CURRENT_PROJECT_VERSION = 1;
				DEVELOPMENT_ASSET_PATHS = "\"TodoBee/Preview Content\"";
				DEVELOPMENT_TEAM = HHDG2JVQC9;
				ENABLE_PREVIEWS = YES;
				GENERATE_INFOPLIST_FILE = YES;
				INFOPLIST_KEY_UIApplicationSceneManifest_Generation = YES;
				INFOPLIST_KEY_UIApplicationSupportsIndirectInputEvents = YES;
				INFOPLIST_KEY_UILaunchScreen_Generation = YES;
				INFOPLIST_KEY_UISupportedInterfaceOrientations_iPad = "UIInterfaceOrientationPortrait UIInterfaceOrientationPortraitUpsideDown UIInterfaceOrientationLandscapeLeft UIInterfaceOrientationLandscapeRight";
				INFOPLIST_KEY_UISupportedInterfaceOrientations_iPhone = "UIInterfaceOrientationPortrait UIInterfaceOrientationLandscapeLeft UIInterfaceOrientationLandscapeRight";
				LD_RUNPATH_SEARCH_PATHS = (
					"$(inherited)",
					"@executable_path/Frameworks",
				);
				MARKETING_VERSION = 1.0;
				PRODUCT_BUNDLE_IDENTIFIER = io.devopen.todobee.TodoBee;
				PRODUCT_NAME = "$(TARGET_NAME)";
				SWIFT_EMIT_LOC_STRINGS = YES;
				SWIFT_VERSION = 5.0;
				TARGETED_DEVICE_FAMILY = "1,2";
			};
			name = Debug;
		};
		A69CAB812C2B00BA0077883E /* Release */ = {
			isa = XCBuildConfiguration;
			buildSettings = {
				ASSETCATALOG_COMPILER_APPICON_NAME = AppIcon;
				ASSETCATALOG_COMPILER_GLOBAL_ACCENT_COLOR_NAME = AccentColor;
				CODE_SIGN_STYLE = Automatic;
				CURRENT_PROJECT_VERSION = 1;
				DEVELOPMENT_ASSET_PATHS = "\"TodoBee/Preview Content\"";
				DEVELOPMENT_TEAM = HHDG2JVQC9;
				ENABLE_PREVIEWS = YES;
				GENERATE_INFOPLIST_FILE = YES;
				INFOPLIST_KEY_UIApplicationSceneManifest_Generation = YES;
				INFOPLIST_KEY_UIApplicationSupportsIndirectInputEvents = YES;
				INFOPLIST_KEY_UILaunchScreen_Generation = YES;
				INFOPLIST_KEY_UISupportedInterfaceOrientations_iPad = "UIInterfaceOrientationPortrait UIInterfaceOrientationPortraitUpsideDown UIInterfaceOrientationLandscapeLeft UIInterfaceOrientationLandscapeRight";
				INFOPLIST_KEY_UISupportedInterfaceOrientations_iPhone = "UIInterfaceOrientationPortrait UIInterfaceOrientationLandscapeLeft UIInterfaceOrientationLandscapeRight";
				LD_RUNPATH_SEARCH_PATHS = (
					"$(inherited)",
					"@executable_path/Frameworks",
				);
				MARKETING_VERSION = 1.0;
				PRODUCT_BUNDLE_IDENTIFIER = io.devopen.todobee.TodoBee;
				PRODUCT_NAME = "$(TARGET_NAME)";
				SWIFT_EMIT_LOC_STRINGS = YES;
				SWIFT_VERSION = 5.0;
				TARGETED_DEVICE_FAMILY = "1,2";
			};
			name = Release;
		};
		A69CAB832C2B00BA0077883E /* Debug */ = {
			isa = XCBuildConfiguration;
			buildSettings = {
				ALWAYS_EMBED_SWIFT_STANDARD_LIBRARIES = YES;
				BUNDLE_LOADER = "$(TEST_HOST)";
				CODE_SIGN_STYLE = Automatic;
				CURRENT_PROJECT_VERSION = 1;
				DEVELOPMENT_TEAM = HHDG2JVQC9;
				GENERATE_INFOPLIST_FILE = YES;
				IPHONEOS_DEPLOYMENT_TARGET = 16.2;
				MARKETING_VERSION = 1.0;
				PRODUCT_BUNDLE_IDENTIFIER = io.devopen.todobee.TodoBeeTests;
				PRODUCT_NAME = "$(TARGET_NAME)";
				SWIFT_EMIT_LOC_STRINGS = NO;
				SWIFT_VERSION = 5.0;
				TARGETED_DEVICE_FAMILY = "1,2";
				TEST_HOST = "$(BUILT_PRODUCTS_DIR)/TodoBee.app/$(BUNDLE_EXECUTABLE_FOLDER_PATH)/TodoBee";
			};
			name = Debug;
		};
		A69CAB842C2B00BA0077883E /* Release */ = {
			isa = XCBuildConfiguration;
			buildSettings = {
				ALWAYS_EMBED_SWIFT_STANDARD_LIBRARIES = YES;
				BUNDLE_LOADER = "$(TEST_HOST)";
				CODE_SIGN_STYLE = Automatic;
				CURRENT_PROJECT_VERSION = 1;
				DEVELOPMENT_TEAM = HHDG2JVQC9;
				GENERATE_INFOPLIST_FILE = YES;
				IPHONEOS_DEPLOYMENT_TARGET = 16.2;
				MARKETING_VERSION = 1.0;
				PRODUCT_BUNDLE_IDENTIFIER = io.devopen.todobee.TodoBeeTests;
				PRODUCT_NAME = "$(TARGET_NAME)";
				SWIFT_EMIT_LOC_STRINGS = NO;
				SWIFT_VERSION = 5.0;
				TARGETED_DEVICE_FAMILY = "1,2";
				TEST_HOST = "$(BUILT_PRODUCTS_DIR)/TodoBee.app/$(BUNDLE_EXECUTABLE_FOLDER_PATH)/TodoBee";
			};
			name = Release;
		};
		A69CAB862C2B00BA0077883E /* Debug */ = {
			isa = XCBuildConfiguration;
			buildSettings = {
				ALWAYS_EMBED_SWIFT_STANDARD_LIBRARIES = YES;
				CODE_SIGN_STYLE = Automatic;
				CURRENT_PROJECT_VERSION = 1;
				DEVELOPMENT_TEAM = HHDG2JVQC9;
				GENERATE_INFOPLIST_FILE = YES;
				MARKETING_VERSION = 1.0;
				PRODUCT_BUNDLE_IDENTIFIER = io.devopen.todobee.TodoBeeUITests;
				PRODUCT_NAME = "$(TARGET_NAME)";
				SWIFT_EMIT_LOC_STRINGS = NO;
				SWIFT_VERSION = 5.0;
				TARGETED_DEVICE_FAMILY = "1,2";
				TEST_TARGET_NAME = TodoBee;
			};
			name = Debug;
		};
		A69CAB872C2B00BA0077883E /* Release */ = {
			isa = XCBuildConfiguration;
			buildSettings = {
				ALWAYS_EMBED_SWIFT_STANDARD_LIBRARIES = YES;
				CODE_SIGN_STYLE = Automatic;
				CURRENT_PROJECT_VERSION = 1;
				DEVELOPMENT_TEAM = HHDG2JVQC9;
				GENERATE_INFOPLIST_FILE = YES;
				MARKETING_VERSION = 1.0;
				PRODUCT_BUNDLE_IDENTIFIER = io.devopen.todobee.TodoBeeUITests;
				PRODUCT_NAME = "$(TARGET_NAME)";
				SWIFT_EMIT_LOC_STRINGS = NO;
				SWIFT_VERSION = 5.0;
				TARGETED_DEVICE_FAMILY = "1,2";
				TEST_TARGET_NAME = TodoBee;
			};
			name = Release;
		};
/* End XCBuildConfiguration section */

/* Begin XCConfigurationList section */
		A69CAB562C2B00B80077883E /* Build configuration list for PBXProject "TodoBee" */ = {
			isa = XCConfigurationList;
			buildConfigurations = (
				A69CAB7D2C2B00BA0077883E /* Debug */,
				A69CAB7E2C2B00BA0077883E /* Release */,
			);
			defaultConfigurationIsVisible = 0;
			defaultConfigurationName = Release;
		};
		A69CAB7F2C2B00BA0077883E /* Build configuration list for PBXNativeTarget "TodoBee" */ = {
			isa = XCConfigurationList;
			buildConfigurations = (
				A69CAB802C2B00BA0077883E /* Debug */,
				A69CAB812C2B00BA0077883E /* Release */,
			);
			defaultConfigurationIsVisible = 0;
			defaultConfigurationName = Release;
		};
		A69CAB822C2B00BA0077883E /* Build configuration list for PBXNativeTarget "TodoBeeTests" */ = {
			isa = XCConfigurationList;
			buildConfigurations = (
				A69CAB832C2B00BA0077883E /* Debug */,
				A69CAB842C2B00BA0077883E /* Release */,
			);
			defaultConfigurationIsVisible = 0;
			defaultConfigurationName = Release;
		};
		A69CAB852C2B00BA0077883E /* Build configuration list for PBXNativeTarget "TodoBeeUITests" */ = {
			isa = XCConfigurationList;
			buildConfigurations = (
				A69CAB862C2B00BA0077883E /* Debug */,
				A69CAB872C2B00BA0077883E /* Release */,
			);
			defaultConfigurationIsVisible = 0;
			defaultConfigurationName = Release;
		};
/* End XCConfigurationList section */
	};
	rootObject = A69CAB532C2B00B80077883E /* Project object */;
}
